{
  "R": {
    "Version": "3.4.4",
    "Repositories": [
      {
        "Name": "CRAN",
        "URL": "https://cloud.r-project.org"
      }
    ]
  },
  "Packages": {
    "BH": {
      "Package": "BH",
      "Version": "1.65.0-1",
      "Source": "Repository",
      "Repository": "CRAN",
      "Hash": "3680e651f907970e7d7d785f185c90ba"
    },
    "DBI": {
      "Package": "DBI",
      "Version": "1.0.0",
      "Source": "Repository",
      "Repository": "CRAN",
      "Hash": "7bc8be0e425da29fe0e10f792bdbb74b"
    },
    "KernSmooth": {
      "Package": "KernSmooth",
      "Version": "2.23-15",
      "Source": "Repository",
      "Repository": "CRAN",
      "Hash": "081f417f4d6d55b7e8981433e8404a22"
    },
    "MASS": {
      "Package": "MASS",
      "Version": "7.3-47",
      "Source": "Repository",
      "Repository": "CRAN",
      "Hash": "8f822e0a28cb813e13320b03c22efc8a"
    },
    "Matrix": {
      "Package": "Matrix",
      "Version": "1.2-12",
      "Source": "Repository",
      "Repository": "CRAN",
      "Hash": "2451d6490ec017b18b6eff460c65fd85"
    },
    "ModelMetrics": {
      "Package": "ModelMetrics",
      "Version": "1.2.2",
      "Source": "Repository",
      "Repository": "CRAN",
      "Hash": "d85508dd2162bf34aaf15d6a022e42e5"
    },
    "R6": {
      "Package": "R6",
      "Version": "2.3.0",
      "Source": "Repository",
      "Repository": "CRAN",
      "Hash": "ba743dbe5a0c885a7902aaa023710918"
    },
    "RColorBrewer": {
      "Package": "RColorBrewer",
      "Version": "1.1-2",
      "Source": "Repository",
      "Repository": "CRAN",
      "Hash": "e031418365a7f7a766181ab5a41a5716"
    },
    "ROCR": {
      "Package": "ROCR",
      "Version": "1.0-7",
      "Source": "Repository",
      "Repository": "CRAN",
      "Hash": "fd202bb77d2b1b19fb9dcc393d489ef0"
    },
    "Rcpp": {
      "Package": "Rcpp",
      "Version": "1.0.0",
      "Source": "Repository",
      "Repository": "CRAN",
      "Hash": "e6bc5212ec592d14485ed86569697ca2"
    },
    "RcppRoll": {
      "Package": "RcppRoll",
      "Version": "0.3.0",
      "Source": "Repository",
      "Repository": "CRAN",
      "Hash": "84a03997fbb5acfb3c9b43bad88fea1f"
    },
    "SQUAREM": {
      "Package": "SQUAREM",
      "Version": "2017.10-1",
      "Source": "Repository",
      "Repository": "CRAN",
      "Hash": "5f2dab05aaaf51d7f87cf7ecbbe07541"
    },
    "assertthat": {
      "Package": "assertthat",
      "Version": "0.2.0",
      "Source": "Repository",
      "Repository": "CRAN",
      "Hash": "7b2aa2be4bd0497000a5a399f07da3f1"
    },
    "backports": {
      "Package": "backports",
      "Version": "1.1.1",
      "Source": "Repository",
      "Repository": "CRAN",
      "Hash": "2443c14bf0b2dd721946d5e028619a7b"
    },
    "base64enc": {
      "Package": "base64enc",
      "Version": "0.1-3",
      "Source": "Repository",
      "Repository": "CRAN",
      "Hash": "543776ae6848fde2f48ff3816d0628bc"
    },
    "bindr": {
      "Package": "bindr",
      "Version": "0.1",
      "Source": "Repository",
      "Repository": "CRAN",
      "Hash": "0aa63fb6bf4da77c7b4b3976bf28faa9"
    },
    "bindrcpp": {
      "Package": "bindrcpp",
      "Version": "0.2",
      "Source": "Repository",
      "Repository": "CRAN",
      "Hash": "ca8b23917bc4975609bfec44a47f146e"
    },
    "bitops": {
      "Package": "bitops",
      "Version": "1.0-6",
      "Source": "Repository",
      "Repository": "CRAN",
      "Hash": "0b118d5900596bae6c4d4865374536a6"
    },
    "broom": {
      "Package": "broom",
      "Version": "0.4.2",
      "Source": "Repository",
      "Repository": "CRAN",
      "Hash": "2e44456397ba3eabcc0cd079b4265bbb"
    },
    "caTools": {
      "Package": "caTools",
      "Version": "1.17.1.1",
      "Source": "Repository",
      "Repository": "CRAN",
      "Hash": "5559144227c8395d91b8ca4128fc6d2f"
    },
    "callr": {
      "Package": "callr",
      "Version": "2.0.4",
      "Source": "Repository",
      "Repository": "CRAN",
      "Hash": "b4a9df793263aa130853598701c53b39"
    },
    "caret": {
      "Package": "caret",
      "Version": "6.0-81",
      "Source": "Repository",
      "Repository": "CRAN",
      "Hash": "d1c63d3c7cf4d3bcd9abd892381423b4"
    },
    "cellranger": {
      "Package": "cellranger",
      "Version": "1.1.0",
      "Source": "Repository",
      "Repository": "CRAN",
      "Hash": "f61dbaec772ccd2e17705c1e872e9e7c"
    },
    "class": {
      "Package": "class",
      "Version": "7.3-15",
      "Source": "Repository",
      "Repository": "CRAN",
      "Hash": "4fba6a022803b6c3f30fd023be3fa818"
    },
    "cli": {
      "Package": "cli",
      "Version": "1.0.0",
      "Source": "Repository",
      "Repository": "CRAN",
      "Hash": "001d6f8577c7932ff38af249c4781612"
    },
    "clipr": {
      "Package": "clipr",
      "Version": "0.4.0",
      "Source": "Repository",
      "Repository": "CRAN",
      "Hash": "4be14b8efa113b13a51e554b2b18c661"
    },
    "codetools": {
      "Package": "codetools",
      "Version": "0.2-16",
      "Source": "Repository",
      "Repository": "CRAN",
      "Hash": "89cf4b8207269ccf82fbeb6473fd662b"
    },
    "colorspace": {
      "Package": "colorspace",
      "Version": "1.3-2",
      "Source": "Repository",
      "Repository": "CRAN",
      "Hash": "538e05e27bc9ad472173fb983c32b08d"
    },
    "crayon": {
      "Package": "crayon",
      "Version": "1.3.4",
      "Source": "Repository",
      "Repository": "CRAN",
      "Hash": "0d57bc8e27b7ba9e45dba825ebc0de6b"
    },
    "curl": {
      "Package": "curl",
      "Version": "3.0",
      "Source": "Repository",
      "Repository": "CRAN",
      "Hash": "51ca511c5679b1e09178e5ec911ebb66"
    },
    "data.table": {
      "Package": "data.table",
      "Version": "1.11.8",
      "Source": "Repository",
      "Repository": "CRAN",
      "Hash": "5f7239bc7810b4e871469a790ec9d6c7"
    },
    "dbplyr": {
      "Package": "dbplyr",
      "Version": "1.2.2",
      "Source": "Repository",
      "Repository": "CRAN",
      "Hash": "e744eb50bbe11ea0da7ffae81bbc13e4"
    },
    "dichromat": {
      "Package": "dichromat",
      "Version": "2.0-0",
      "Source": "Repository",
      "Repository": "CRAN",
      "Hash": "fe1a3788cf243db3eca07ae661860793"
    },
    "digest": {
      "Package": "digest",
      "Version": "0.6.15",
      "Source": "Repository",
      "Repository": "CRAN",
      "Hash": "706759233d88683f590d78ab6c82360a"
    },
    "dplyr": {
      "Package": "dplyr",
      "Version": "0.7.4",
      "Source": "Repository",
      "Repository": "CRAN",
      "Hash": "7e3bd35d71a5e2da459eafccf4bfde32"
    },
    "e1071": {
      "Package": "e1071",
      "Version": "1.7-0",
      "Source": "Repository",
      "Repository": "CRAN",
      "Hash": "87de7c7a190a3825513dc886befd12dc"
    },
    "evaluate": {
      "Package": "evaluate",
      "Version": "0.10.1",
      "Source": "Repository",
      "Repository": "CRAN",
      "Hash": "648a8a0bf5a25c83356be56fde383378"
    },
    "fansi": {
      "Package": "fansi",
      "Version": "0.2.3",
      "Source": "Repository",
      "Repository": "CRAN",
      "Hash": "9daecec29a66f74f81b3d2f6a3e73b75"
    },
    "forcats": {
      "Package": "forcats",
      "Version": "0.3.0",
      "Source": "Repository",
      "Repository": "CRAN",
      "Hash": "74d47d1faf02cefea4c36303b61686cd"
    },
    "foreach": {
      "Package": "foreach",
      "Version": "1.4.4",
      "Source": "Repository",
      "Repository": "CRAN",
      "Hash": "c179d1dd8abd4b888214d44f4de2359a"
    },
    "foreign": {
      "Package": "foreign",
      "Version": "0.8-69",
      "Source": "Repository",
      "Repository": "CRAN",
      "Hash": "6f953f3e73fc00af8cdad0864f535f97"
    },
    "gdata": {
      "Package": "gdata",
      "Version": "2.18.0",
      "Source": "Repository",
      "Repository": "CRAN",
      "Hash": "465ccb84427f5fe2c54f8620666db131"
    },
    "generics": {
      "Package": "generics",
      "Version": "0.0.2",
      "Source": "Repository",
      "Repository": "CRAN",
      "Hash": "b8cff1d1391fd1ad8b65877f4c7f2e53"
    },
    "ggplot2": {
      "Package": "ggplot2",
      "Version": "3.0.0",
      "Source": "Repository",
      "Repository": "CRAN",
      "Hash": "a6d73053a588981f082f095592c93050"
    },
    "glue": {
      "Package": "glue",
      "Version": "1.3.0",
      "Source": "Repository",
      "Repository": "CRAN",
      "Hash": "23b09270cd7730418e15a3e44150a293"
    },
    "gower": {
      "Package": "gower",
      "Version": "0.1.2",
      "Source": "Repository",
      "Repository": "CRAN",
      "Hash": "e6371b4482a347378652c812362983d2"
    },
    "gplots": {
      "Package": "gplots",
      "Version": "3.0.1",
      "Source": "Repository",
      "Repository": "CRAN",
      "Hash": "cfc725679da190de0b5ffde110dd0a9e"
    },
    "gtable": {
      "Package": "gtable",
      "Version": "0.2.0",
      "Source": "Repository",
      "Repository": "CRAN",
      "Hash": "8816a66528f6507ccb362429ca6e095a"
    },
    "gtools": {
      "Package": "gtools",
      "Version": "3.8.1",
      "Source": "Repository",
      "Repository": "CRAN",
      "Hash": "b7f3a3bee8ec0858e8cbc09cfdc35ced"
    },
    "haven": {
      "Package": "haven",
      "Version": "1.1.0",
      "Source": "Repository",
      "Repository": "CRAN",
      "Hash": "980f023a3fda73a9bd069840593715c8"
    },
    "highr": {
      "Package": "highr",
      "Version": "0.6",
      "Source": "Repository",
      "Repository": "CRAN",
      "Hash": "42b1e83a845d938f68d52235fb7639b5"
    },
    "hms": {
      "Package": "hms",
      "Version": "0.4.2",
      "Source": "Repository",
      "Repository": "CRAN",
      "Hash": "b1d40b416da234147d5869a009458702"
    },
    "htmltools": {
      "Package": "htmltools",
      "Version": "0.3.6",
      "Source": "Repository",
      "Repository": "CRAN",
      "Hash": "74aa264d2e3b6214529cd33a5850a07f"
    },
    "httr": {
      "Package": "httr",
      "Version": "1.3.1",
      "Source": "Repository",
      "Repository": "CRAN",
      "Hash": "19d054acbdfb863745e0da77d7c0b44d"
    },
    "ipred": {
      "Package": "ipred",
      "Version": "0.9-8",
      "Source": "Repository",
      "Repository": "CRAN",
      "Hash": "a89adbc5ac6bd1c9a1cb1ff5341fee4d"
    },
    "iterators": {
      "Package": "iterators",
      "Version": "1.0.10",
      "Source": "Repository",
      "Repository": "CRAN",
      "Hash": "02caec9a169f9344577950df8f70aaa8"
    },
    "jsonlite": {
      "Package": "jsonlite",
      "Version": "1.5",
      "Source": "Repository",
      "Repository": "CRAN",
      "Hash": "c9638b684f25fd947082b729e8e8d2f1"
    },
    "knitr": {
      "Package": "knitr",
      "Version": "1.20",
      "Source": "Repository",
      "Repository": "CRAN",
      "Hash": "87d506a244be82cc083c00d3076ea6f2"
    },
    "labeling": {
      "Package": "labeling",
      "Version": "0.3",
      "Source": "Repository",
      "Repository": "CRAN",
      "Hash": "73832978c1de350df58108c745ed0e3e"
    },
    "lattice": {
      "Package": "lattice",
      "Version": "0.20-35",
      "Source": "Repository",
      "Repository": "CRAN",
      "Hash": "10a22a9a66fbe7944e9ef98985d7c927"
    },
    "lava": {
      "Package": "lava",
      "Version": "1.6.4",
      "Source": "Repository",
      "Repository": "CRAN",
      "Hash": "9949137a2ed4f5ddbccfb438e7d46924"
    },
    "lazyeval": {
      "Package": "lazyeval",
      "Version": "0.2.1",
      "Source": "Repository",
      "Repository": "CRAN",
      "Hash": "ea5964121f493fb3057e9887d424f634"
    },
    "lubridate": {
      "Package": "lubridate",
      "Version": "1.7.1",
      "Source": "Repository",
      "Repository": "CRAN",
      "Hash": "adbb814127c0ef425f0754d9d8dcaa0f"
    },
    "magrittr": {
      "Package": "magrittr",
      "Version": "1.5",
      "Source": "Repository",
      "Repository": "CRAN",
      "Hash": "1bb58822a20301cee84a41678e25d9b7"
    },
    "markdown": {
      "Package": "markdown",
      "Version": "0.8",
      "Source": "Repository",
      "Repository": "CRAN",
      "Hash": "a7009fcffb7074751bc70e76e26ee72d"
    },
    "memoise": {
      "Package": "memoise",
      "Version": "1.1.0",
      "Source": "Repository",
      "Repository": "CRAN",
      "Hash": "58baa74e4603fcfb9a94401c58c8f9b1"
    },
    "mgcv": {
      "Package": "mgcv",
      "Version": "1.8-24",
      "Source": "Repository",
      "Repository": "CRAN",
      "Hash": "b71c00b21c099b3f4beca9d784ad7ec4"
    },
    "mime": {
      "Package": "mime",
      "Version": "0.5",
      "Source": "Repository",
      "Repository": "CRAN",
      "Hash": "18943f719a3367e8b1f59b8931a69165"
    },
    "mnormt": {
      "Package": "mnormt",
      "Version": "1.5-5",
      "Source": "Repository",
      "Repository": "CRAN",
      "Hash": "7bf8d8ba6bf894233736f604f64123cc"
    },
    "modelr": {
      "Package": "modelr",
      "Version": "0.1.1",
      "Source": "Repository",
      "Repository": "CRAN",
      "Hash": "beb36ad1f3ffb3b638fb8f0481a38494"
    },
    "munsell": {
      "Package": "munsell",
      "Version": "0.5.0",
      "Source": "Repository",
      "Repository": "CRAN",
      "Hash": "6dfe8bf774944bd5595785e3229d8771"
    },
    "nlme": {
      "Package": "nlme",
      "Version": "3.1-137",
      "Source": "Repository",
      "Repository": "CRAN",
      "Hash": "4320ab595f7bbff5458bc6a044a57fc0"
    },
    "nnet": {
      "Package": "nnet",
      "Version": "7.3-12",
      "Source": "Repository",
      "Repository": "CRAN",
      "Hash": "68287aec1f476c41d16ce1ace445800c"
    },
    "numDeriv": {
      "Package": "numDeriv",
      "Version": "2016.8-1",
      "Source": "Repository",
      "Repository": "CRAN",
      "Hash": "e3554c342c94ffc1095d6488e6521cd6"
    },
    "openssl": {
      "Package": "openssl",
      "Version": "0.9.7",
      "Source": "Repository",
      "Repository": "CRAN",
      "Hash": "73b4917e93cbc5226b1afc728afe0254"
    },
    "packrat": {
      "Package": "packrat",
      "Version": "0.4.8-1",
      "Source": "Repository",
      "Repository": "CRAN",
      "Hash": "4f5733a2a8901fc49c81e980405997e3"
    },
    "pillar": {
      "Package": "pillar",
      "Version": "1.3.0",
      "Source": "Repository",
      "Repository": "CRAN",
      "Hash": "653a1c53206b4fd42a5324fe86e9808d"
    },
    "pkgconfig": {
      "Package": "pkgconfig",
      "Version": "2.0.1",
      "Source": "Repository",
      "Repository": "CRAN",
      "Hash": "b8a063ca3694e651ac46f71b4bf0e090"
    },
    "plogr": {
      "Package": "plogr",
      "Version": "0.2.0",
      "Source": "Repository",
      "Repository": "CRAN",
      "Hash": "09eb987710984fc2905c7129c7d85e65"
    },
    "plyr": {
      "Package": "plyr",
      "Version": "1.8.4",
      "Source": "Repository",
      "Repository": "CRAN",
      "Hash": "23026346e3e0f023f326919320627a01"
    },
    "processx": {
      "Package": "processx",
      "Version": "3.2.0",
      "Source": "Repository",
      "Repository": "CRAN",
      "Hash": "c28c0fd820756b978cca394c80693aa1"
    },
    "prodlim": {
      "Package": "prodlim",
      "Version": "2018.04.18",
      "Source": "Repository",
      "Repository": "CRAN",
      "Hash": "dede5cafa9509f68d39368bd4526f36b"
    },
    "ps": {
      "Package": "ps",
      "Version": "1.2.1",
      "Source": "Repository",
      "Repository": "CRAN",
      "Hash": "26cf8ce92104a8cb2d117a083660d03c"
    },
    "psych": {
      "Package": "psych",
      "Version": "1.8.4",
      "Source": "Repository",
      "Repository": "CRAN",
      "Hash": "1508b49238035f4ab4f7c68368d68534"
    },
    "purrr": {
      "Package": "purrr",
      "Version": "0.2.5",
      "Source": "Repository",
      "Repository": "CRAN",
      "Hash": "e6359d48ec860d8ffce74e775479e18d"
    },
    "randomForest": {
      "Package": "randomForest",
      "Version": "4.6-14",
      "Source": "Repository",
      "Repository": "CRAN",
      "Hash": "6367ba8128568cc5ebf8082e440948e4"
    },
    "readr": {
      "Package": "readr",
      "Version": "1.1.1",
      "Source": "Repository",
      "Repository": "CRAN",
      "Hash": "74f9b53b37192cbcff9ec6d04fce0844"
    },
    "readxl": {
      "Package": "readxl",
      "Version": "1.0.0",
      "Source": "Repository",
      "Repository": "CRAN",
      "Hash": "00d2a9ecaafb3baaf99fe9f40609d2d0"
    },
    "recipes": {
      "Package": "recipes",
      "Version": "0.1.4",
      "Source": "Repository",
      "Repository": "CRAN",
      "Hash": "b6f9c7b6f2016c428398c71357a90fbb"
    },
    "rematch": {
      "Package": "rematch",
      "Version": "1.0.1",
      "Source": "Repository",
      "Repository": "CRAN",
      "Hash": "c66b930d20bb6d858cd18e1cebcfae5c"
    },
    "renv": {
      "Package": "renv",
      "Version": "0.9.1",
      "Source": "Repository",
      "Repository": "CRAN",
      "Hash": "2493509e836304c687514e4ff635d8e5"
    },
    "reprex": {
      "Package": "reprex",
      "Version": "0.2.0",
      "Source": "Repository",
      "Repository": "CRAN",
      "Hash": "a3b1fac0b1a0f9347f2527a1a7a400c3"
    },
    "reshape2": {
      "Package": "reshape2",
      "Version": "1.4.3",
      "Source": "Repository",
      "Repository": "CRAN",
      "Hash": "15a23ad30f51789188e439599559815c"
    },
    "rlang": {
      "Package": "rlang",
      "Version": "0.2.2",
      "Source": "Repository",
      "Repository": "CRAN",
      "Hash": "83de39bc550ade3fe27274c1817bc9f0"
    },
    "rmarkdown": {
      "Package": "rmarkdown",
      "Version": "1.10",
      "Source": "Repository",
      "Repository": "CRAN",
      "Hash": "280c7971e4898433649bfce33062d06d"
    },
    "rpart": {
      "Package": "rpart",
      "Version": "4.1-13",
      "Source": "Repository",
      "Repository": "CRAN",
      "Hash": "6315535da80d5cc6c2e573966d8c8210"
    },
    "rpart.plot": {
      "Package": "rpart.plot",
      "Version": "3.0.6",
      "Source": "Repository",
      "Repository": "CRAN",
      "Hash": "396990c5b32a66add2527a6e121f22b5"
    },
    "rprojroot": {
      "Package": "rprojroot",
      "Version": "1.3-2",
      "Source": "Repository",
      "Repository": "CRAN",
      "Hash": "f6a407ae5dd21f6f80a6708bbb6eb3ae"
    },
    "rstudioapi": {
      "Package": "rstudioapi",
      "Version": "0.8",
      "Source": "Repository",
      "Repository": "CRAN",
      "Hash": "ec37e7df71733689d052aca15034c905"
    },
    "rvest": {
      "Package": "rvest",
      "Version": "0.3.2",
      "Source": "Repository",
      "Repository": "CRAN",
      "Hash": "de7aba829ba323eebe541d332af400c7"
    },
    "scales": {
      "Package": "scales",
      "Version": "0.5.0",
      "Source": "Repository",
      "Repository": "CRAN",
      "Hash": "9dd028ec93ef4feca7039460a7d79b80"
    },
    "selectr": {
      "Package": "selectr",
      "Version": "0.4-1",
      "Source": "Repository",
      "Repository": "CRAN",
      "Hash": "5ed4ef04d145af4c2bf651d94ba3d7fe"
    },
    "stringi": {
      "Package": "stringi",
      "Version": "1.2.3",
      "Source": "Repository",
      "Repository": "CRAN",
      "Hash": "ad0d08cc0ec5f1fa3eeffe695e8c2639"
    },
    "stringr": {
      "Package": "stringr",
      "Version": "1.3.0",
      "Source": "Repository",
      "Repository": "CRAN",
      "Hash": "21699daf06c3ecc32270be7f577ed2a9"
    },
    "survival": {
      "Package": "survival",
      "Version": "2.43-3",
      "Source": "Repository",
      "Repository": "CRAN",
      "Hash": "d6fc8c1de7e40274ff7bc53524cccd4b"
    },
    "tibble": {
      "Package": "tibble",
      "Version": "1.4.2",
      "Source": "Repository",
      "Repository": "CRAN",
      "Hash": "5c9c9aa12a2af6e25cfa9a18de427eb2"
    },
    "tidyr": {
      "Package": "tidyr",
      "Version": "0.8.1",
      "Source": "Repository",
      "Repository": "CRAN",
      "Hash": "95ded1450e6af17d0d3eb4b39233c43d"
    },
    "tidyselect": {
      "Package": "tidyselect",
      "Version": "0.2.5",
      "Source": "Repository",
      "Repository": "CRAN",
      "Hash": "971842fead8ee9e150495a0ede343a98"
    },
    "tidyverse": {
      "Package": "tidyverse",
      "Version": "1.3.0",
      "Source": "Repository",
      "Repository": "CRAN",
      "Hash": "bd51be662f359fa99021f3d51e911490"
    },
    "timeDate": {
      "Package": "timeDate",
      "Version": "3043.102",
      "Source": "Repository",
      "Repository": "CRAN",
      "Hash": "fde4fc571f5f61978652c229d4713845"
    },
    "tinytex": {
      "Package": "tinytex",
      "Version": "0.5",
      "Source": "Repository",
      "Repository": "CRAN",
      "Hash": "925b61d0a83c2b52ebf56063aae97640"
    },
    "utf8": {
      "Package": "utf8",
      "Version": "1.1.3",
      "Source": "Repository",
      "Repository": "CRAN",
      "Hash": "8c1c64012f4044ee2911ad5f83348789"
    },
    "viridisLite": {
      "Package": "viridisLite",
      "Version": "0.3.0",
      "Source": "Repository",
      "Repository": "CRAN",
      "Hash": "ce4f6271baa94776db692f1cb2055bee"
    },
    "whisker": {
      "Package": "whisker",
      "Version": "0.3-2",
      "Source": "Repository",
      "Repository": "CRAN",
      "Hash": "c944abf3f12a97b8369a6f6ba8186d23"
    },
    "withr": {
      "Package": "withr",
      "Version": "2.1.2",
      "Source": "Repository",
      "Repository": "CRAN",
      "Hash": "aa57ed55ff2df4bea697a07df528993d"
    },
    "xml2": {
      "Package": "xml2",
      "Version": "1.1.1",
      "Source": "Repository",
      "Repository": "CRAN",
      "Hash": "e09ea157cf6e9c8dac3d4bda7307617d"
    },
    "yaml": {
      "Package": "yaml",
      "Version": "2.2.0",
      "Source": "Repository",
      "Repository": "CRAN",
      "Hash": "c78bdf1d16bd4ec7ecc86c6986d53309"
    }
  }
}
